
Microsoft Visual Studio Solution File, Format Version 12.00
# Visual Studio 2013
VisualStudioVersion = 12.0.31101.0
MinimumVisualStudioVersion = 10.0.40219.1
Project("{FAE04EC0-301F-11D3-BF4B-00C04F79EFBC}") = "MyTestApplicationEmber.BusinessServers", "BusinessServers\MyTestApplicationEmber.BusinessServers.csproj", "{E25EC4E0-5E24-49E3-A331-A85E815DF5DD}"
EndProject
Project("{FAE04EC0-301F-11D3-BF4B-00C04F79EFBC}") = "MyTestApplicationEmber.Objects", "Objects\MyTestApplicationEmber.Objects.csproj", "{79298C9A-8783-4658-8CAA-CA74F09B2640}"
EndProject
Project("{FAE04EC0-301F-11D3-BF4B-00C04F79EFBC}") = "MyTestApplicationEmber.ODataBackend", "ODataBackend\MyTestApplicationEmber.ODataBackend.csproj", "{84A8BD92-AFDE-4165-91AC-23F2E3F61A19}"
EndProject
Global
	GlobalSection(SolutionConfigurationPlatforms) = preSolution
Debug|Any CPU = Debug|Any CPU
Release|Any CPU = Release|Any CPU
	EndGlobalSection
	GlobalSection(ProjectConfigurationPlatforms) = postSolution
		{E25EC4E0-5E24-49E3-A331-A85E815DF5DD}.Debug|Any CPU.ActiveCfg = Debug|Any CPU
		{E25EC4E0-5E24-49E3-A331-A85E815DF5DD}.Debug|Any CPU.Build.0 = Debug|Any CPU
		{E25EC4E0-5E24-49E3-A331-A85E815DF5DD}.Release|Any CPU.ActiveCfg = Release|Any CPU
		{E25EC4E0-5E24-49E3-A331-A85E815DF5DD}.Release|Any CPU.Build.0 = Release|Any CPU
		{79298C9A-8783-4658-8CAA-CA74F09B2640}.Debug|Any CPU.ActiveCfg = Debug|Any CPU
		{79298C9A-8783-4658-8CAA-CA74F09B2640}.Debug|Any CPU.Build.0 = Debug|Any CPU
		{79298C9A-8783-4658-8CAA-CA74F09B2640}.Release|Any CPU.ActiveCfg = Release|Any CPU
		{79298C9A-8783-4658-8CAA-CA74F09B2640}.Release|Any CPU.Build.0 = Release|Any CPU
		{84A8BD92-AFDE-4165-91AC-23F2E3F61A19}.Debug|Any CPU.ActiveCfg = Debug|Any CPU
		{84A8BD92-AFDE-4165-91AC-23F2E3F61A19}.Debug|Any CPU.Build.0 = Debug|Any CPU
		{84A8BD92-AFDE-4165-91AC-23F2E3F61A19}.Release|Any CPU.ActiveCfg = Release|Any CPU
		{84A8BD92-AFDE-4165-91AC-23F2E3F61A19}.Release|Any CPU.Build.0 = Release|Any CPU
	EndGlobalSection
	GlobalSection(SolutionProperties) = preSolution
		HideSolutionNode = FALSE
	EndGlobalSection
EndGlobal
